<?xml version="1.0" encoding="utf-8"?>
<Project ToolsVersion="4.0" xmlns="http://schemas.microsoft.com/developer/msbuild/2003">
  <ItemGroup>
    <ClCompile Include="Source\audio.cpp" />
    <ClCompile Include="Source\Box.cpp" />
    <ClCompile Include="Source\Character.cpp" />
    <ClCompile Include="Source\CharacterData.cpp" />
    <ClCompile Include="Source\game.cpp" />
    <ClCompile Include="Source\gameDoc.cpp" />
    <ClCompile Include="Source\GameMap.cpp" />
    <ClCompile Include="Source\gameView.cpp" />
    <ClCompile Include="Source\MainFrm.cpp" />
    <ClCompile Include="Source\Map_Home.cpp" />
    <ClCompile Include="Source\StdAfx.cpp" />
    <ClCompile Include="Source\gamelib.cpp" />
    <ClCompile Include="Source\mygame.cpp" />
    <ClCompile Include="Source\Map_Town.cpp" />
    <ClCompile Include="Source\UI.cpp" />
    <ClCompile Include="Source\PausedMenu.cpp" />
    <ClCompile Include="Source\Item.cpp" />
    <ClCompile Include="Source\ItemData.cpp" />
    <ClCompile Include="Source\Items.cpp" />
  </ItemGroup>
  <ItemGroup>
    <ClInclude Include="Source\audio.h" />
    <ClInclude Include="Source\Box.h" />
    <ClInclude Include="Source\Character.h" />
    <ClInclude Include="Source\game.h" />
    <ClInclude Include="Source\CharacterData.h" />
    <ClInclude Include="Source\gameDoc.h" />
    <ClInclude Include="Source\GameMap.h" />
    <ClInclude Include="Source\gameView.h" />
    <ClInclude Include="Source\Map_Home.h" />
    <ClInclude Include="Source\Map_Home_Logic.h" />
    <ClInclude Include="Source\MainFrm.h" />
    <ClInclude Include="Source\Resource.h" />
    <ClInclude Include="Source\Skill.h" />
    <ClInclude Include="Source\StdAfx.h" />
    <ClInclude Include="Source\gamelib.h" />
    <ClInclude Include="Source\mygame.h" />
    <ClInclude Include="Source\UI.h" />
    <ClInclude Include="Source\Map_Town.h" />
    <ClInclude Include="Source\Map_Town_Logic.h" />
    <ClInclude Include="Source\PausedMenu.h" />
    <ClInclude Include="Source\Item.h" />
    <ClInclude Include="Source\ItemData.h" />
    <ClInclude Include="Source\Items.h" />
  </ItemGroup>
  <ItemGroup>
    <ResourceCompile Include="Source\game.rc" />
  </ItemGroup>
  <ItemGroup>
    <Image Include="..\..\..\Desktop\game4.10\RES\bmp0.bmp" />
    <Image Include="..\..\..\Desktop\game4.10\RES\bmp1.bmp" />
    <Image Include="..\..\..\Desktop\game4.10\RES\bmp10.bmp" />
    <Image Include="..\..\..\Desktop\game4.10\RES\bmp2.bmp" />
    <Image Include="..\..\..\Desktop\game4.10\RES\bmp3.bmp" />
    <Image Include="..\..\..\Desktop\game4.10\RES\bmp4.bmp" />
    <Image Include="..\..\..\Desktop\game4.10\RES\bmp5.bmp" />
    <Image Include="..\..\..\Desktop\game4.10\RES\bmp6.bmp" />
    <Image Include="..\..\..\Desktop\game4.10\RES\bmp7.bmp" />
    <Image Include="..\..\..\Desktop\game4.10\RES\bmp8.bmp" />
    <Image Include="..\..\..\Desktop\game4.10\RES\bmp9.bmp" />
    <Image Include="..\..\..\Desktop\game4.10\RES\continue.bmp" />
    <Image Include="..\..\..\Desktop\game4.10\RES\loading.bmp" />
    <Image Include="..\..\..\Desktop\game4.10\RES\Toolbar.bmp" />
    <Image Include="..\..\..\Downloads\Home.bmp" />
    <Image Include="res\bitmap3.bmp" />
    <Image Include="res\bmp00001.bmp" />
    <Image Include="RES\Character\Dash\Down\DashDown01.bmp" />
    <Image Include="RES\Character\Dash\Down\DashDown02.bmp" />
    <Image Include="RES\Character\Dash\Down\DashDown03.bmp" />
    <Image Include="RES\Character\Dash\Down\DashDown04.bmp" />
    <Image Include="RES\Character\Dash\Left\DashLeft01.bmp" />
    <Image Include="RES\Character\Dash\Left\DashLeft02.bmp" />
    <Image Include="RES\Character\Dash\Left\DashLeft03.bmp" />
    <Image Include="RES\Character\Dash\Left\DashLeft04.bmp" />
    <Image Include="RES\Character\Dash\Left\DashLeft05.bmp" />
    <Image Include="RES\Character\Dash\Right\DashRight (1).bmp" />
    <Image Include="RES\Character\Dash\Right\DashRight (2).bmp" />
    <Image Include="RES\Character\Dash\Right\DashRight (3).bmp" />
    <Image Include="RES\Character\Dash\Right\DashRight (4).bmp" />
    <Image Include="RES\Character\Dash\Right\DashRight (5).bmp" />
    <Image Include="RES\Character\Dash\Up\DashUp01.bmp" />
    <Image Include="RES\Character\Dash\Up\DashUp02.bmp" />
    <Image Include="RES\Character\Dash\Up\DashUp03.bmp" />
    <Image Include="RES\Character\Dash\Up\DashUp04.bmp" />
    <Image Include="RES\Character\Down\Character_down_01.bmp" />
    <Image Include="RES\Character\Down\Character_down_02.bmp" />
    <Image Include="RES\Character\Down\Character_down_03.bmp" />
    <Image Include="RES\Character\Down\Character_down_04.bmp" />
    <Image Include="RES\Character\Down\Character_down_05.bmp" />
    <Image Include="RES\Character\Down\Character_down_06.bmp" />
    <Image Include="RES\Character\Down\Character_down_07.bmp" />
    <Image Include="RES\Character\Down\Character_down_08.bmp" />
    <Image Include="RES\Character\Down\Character_down_09.bmp" />
    <Image Include="RES\Character\Down\Character_down_10.bmp" />
    <Image Include="RES\Character\Left\left (1).bmp" />
    <Image Include="RES\Character\Left\left (2).bmp" />
    <Image Include="RES\Character\Left\left (3).bmp" />
    <Image Include="RES\Character\Left\left (4).bmp" />
    <Image Include="RES\Character\Left\left (5).bmp" />
    <Image Include="RES\Character\Left\left (6).bmp" />
    <Image Include="RES\Character\Left\left (7).bmp" />
    <Image Include="RES\Character\Left\left (8).bmp" />
    <Image Include="RES\Character\Left\left (9).bmp" />
    <Image Include="RES\Character\Right\right (1).bmp" />
    <Image Include="RES\Character\Right\right (2).bmp" />
    <Image Include="RES\Character\Right\right (3).bmp" />
    <Image Include="RES\Character\Right\right (4).bmp" />
    <Image Include="RES\Character\Right\right (5).bmp" />
    <Image Include="RES\Character\Right\right (6).bmp" />
    <Image Include="RES\Character\Right\right (7).bmp" />
    <Image Include="RES\Character\Right\right (8).bmp" />
    <Image Include="RES\Character\Right\right (9).bmp" />
    <Image Include="RES\Character\Run\Run_down (1).bmp" />
    <Image Include="RES\Character\Run\Run_down (2).bmp" />
    <Image Include="RES\Character\Run\Run_down (3).bmp" />
    <Image Include="RES\Character\Run\Run_down (4).bmp" />
    <Image Include="RES\Character\Run\Run_left (1).bmp" />
    <Image Include="RES\Character\Run\Run_left (2).bmp" />
    <Image Include="RES\Character\Run\Run_left (3).bmp" />
    <Image Include="RES\Character\Run\Run_right (1).bmp" />
    <Image Include="RES\Character\Run\Run_right (2).bmp" />
    <Image Include="RES\Character\Run\Run_right (3).bmp" />
    <Image Include="RES\Character\Run\Run_up (1).bmp" />
    <Image Include="RES\Character\Run\Run_up (2).bmp" />
    <Image Include="RES\Character\Run\Run_up (3).bmp" />
    <Image Include="RES\Character\Run\Run_up (4).bmp" />
    <Image Include="RES\Character\Run\Run_up (5).bmp" />
    <Image Include="RES\Character\Stand\down.bmp" />
    <Image Include="RES\Character\Stand\left.bmp" />
    <Image Include="RES\Character\Stand\right.bmp" />
    <Image Include="RES\Character\Stand\up.bmp" />
    <Image Include="RES\Character\Up\up (1).bmp" />
    <Image Include="RES\Character\Up\up (10).bmp" />
    <Image Include="RES\Character\Up\up (2).bmp" />
    <Image Include="RES\Character\Up\up (3).bmp" />
    <Image Include="RES\Character\Up\up (4).bmp" />
    <Image Include="RES\Character\Up\up (5).bmp" />
    <Image Include="RES\Character\Up\up (6).bmp" />
    <Image Include="RES\Character\Up\up (7).bmp" />
    <Image Include="RES\Character\Up\up (8).bmp" />
    <Image Include="RES\Character\Up\up (9).bmp" />
    <Image Include="RES\Corsor.bmp" />
    <Image Include="RES\InGame\Box\board.bmp" />
    <Image Include="RES\InGame\Box\DEFENSE\00.bmp" />
    <Image Include="RES\InGame\Box\DEFENSE\01.bmp" />
    <Image Include="RES\InGame\Box\DEFENSE\02.bmp" />
    <Image Include="RES\InGame\Box\DEFENSE\03.bmp" />
    <Image Include="RES\InGame\Box\DEFENSE\04.bmp" />
    <Image Include="RES\InGame\Box\MISC\00.bmp" />
    <Image Include="RES\InGame\Box\MISC\01.bmp" />
    <Image Include="RES\InGame\Box\MISC\02.bmp" />
    <Image Include="RES\InGame\Box\MISC\03.bmp" />
    <Image Include="RES\InGame\Box\MISC\04.bmp" />
    <Image Include="RES\InGame\Box\OFFENSE\00.bmp" />
    <Image Include="RES\InGame\Box\OFFENSE\01.bmp" />
    <Image Include="RES\InGame\Box\OFFENSE\02.bmp" />
    <Image Include="RES\InGame\Box\OFFENSE\03.bmp" />
    <Image Include="RES\InGame\Box\OFFENSE\04.bmp" />
    <Image Include="RES\InGame\Home\Home.bmp" />
    <Image Include="RES\InGame\Home\wall.bmp" />
    <Image Include="RES\InGame\InGame_01.bmp" />
    <Image Include="RES\InGame\Join\Join.bmp" />
    <Image Include="RES\InGame\LightBeam\00.bmp" />
    <Image Include="RES\InGame\LightBeam\01.bmp" />
    <Image Include="RES\InGame\LightBeam\02.bmp" />
    <Image Include="RES\InGame\LightBeam\03.bmp" />
    <Image Include="RES\InGame\LightBeam\04.bmp" />
    <Image Include="RES\InGame\LightBeam\05.bmp" />
    <Image Include="RES\InGame\LightBeam\06.bmp" />
    <Image Include="RES\InGame\LightBeam\07.bmp" />
    <Image Include="RES\InGame\LightBeam\08.bmp" />
    <Image Include="RES\InGame\Loading\Loading.bmp" />
    <Image Include="RES\InGame\Loading\LoadingLevel.bmp" />
    <Image Include="RES\InGame\Press_F\01.bmp" />
    <Image Include="RES\InGame\Press_F\02.bmp" />
    <Image Include="RES\InGame\Press_F\03.bmp" />
    <Image Include="RES\InGame\Press_F\04.bmp" />
    <Image Include="RES\InGame\Press_F\05.bmp" />
    <Image Include="RES\InGame\Press_F\06.bmp" />
    <Image Include="RES\InGame\Town\Town.bmp" />
    <Image Include="RES\LoadingBG.bmp" />
    <Image Include="RES\Menu\EnterMenu\EnterMenu (1).bmp" />
    <Image Include="RES\Menu\EnterMenu\EnterMenu (10).bmp" />
    <Image Include="RES\Menu\EnterMenu\EnterMenu (11).bmp" />
    <Image Include="RES\Menu\EnterMenu\EnterMenu (2).bmp" />
    <Image Include="RES\Menu\EnterMenu\EnterMenu (3).bmp" />
    <Image Include="RES\Menu\EnterMenu\EnterMenu (4).bmp" />
    <Image Include="RES\Menu\EnterMenu\EnterMenu (5).bmp" />
    <Image Include="RES\Menu\EnterMenu\EnterMenu (6).bmp" />
    <Image Include="RES\Menu\EnterMenu\EnterMenu (7).bmp" />
    <Image Include="RES\Menu\EnterMenu\EnterMenu (8).bmp" />
    <Image Include="RES\Menu\EnterMenu\EnterMenu (9).bmp" />
    <Image Include="RES\Menu\EnterMenu\EnterMenu(0).bmp" />
    <Image Include="RES\Menu\EnterMenu\EnterMenu(12).bmp" />
    <Image Include="RES\Menu\EnterMenu\ENTERMENU_OPTIONS.bmp" />
    <Image Include="RES\Menu\EnterMenu\ENTERMENU_QUIT.bmp" />
    <Image Include="RES\Menu\EnterMenu\ENTERMENU_SINGLE_PLAYER.bmp" />
    <Image Include="RES\Menu\EnterMenu\Options.bmp" />
    <Image Include="RES\Menu\EnterMenu\Quit.bmp" />
    <Image Include="RES\Menu\EnterMenu\Single_Player.bmp" />
    <Image Include="res\menu\init\bitmap3.bmp" />
    <Image Include="RES\Menu\Init\Init (1).bmp" />
    <Image Include="RES\Menu\Init\Init (10).bmp" />
    <Image Include="RES\Menu\Init\Init (11).bmp" />
    <Image Include="RES\Menu\Init\Init (12).bmp" />
    <Image Include="RES\Menu\Init\Init (13).bmp" />
    <Image Include="RES\Menu\Init\Init (14).bmp" />
    <Image Include="RES\Menu\Init\Init (15).bmp" />
    <Image Include="RES\Menu\Init\Init (16).bmp" />
    <Image Include="RES\Menu\Init\Init (17).bmp" />
    <Image Include="RES\Menu\Init\Init (18).bmp" />
    <Image Include="RES\Menu\Init\Init (19).bmp" />
    <Image Include="RES\Menu\Init\Init (2).bmp" />
    <Image Include="RES\Menu\Init\Init (20).bmp" />
    <Image Include="RES\Menu\Init\Init (21).bmp" />
    <Image Include="RES\Menu\Init\Init (22).bmp" />
    <Image Include="RES\Menu\Init\Init (23).bmp" />
    <Image Include="RES\Menu\Init\Init (24).bmp" />
    <Image Include="RES\Menu\Init\Init (25).bmp" />
    <Image Include="RES\Menu\Init\Init (26).bmp" />
    <Image Include="RES\Menu\Init\Init (27).bmp" />
    <Image Include="RES\Menu\Init\Init (28).bmp" />
    <Image Include="RES\Menu\Init\Init (29).bmp" />
    <Image Include="RES\Menu\Init\Init (3).bmp" />
    <Image Include="RES\Menu\Init\Init (30).bmp" />
    <Image Include="RES\Menu\Init\Init (31).bmp" />
    <Image Include="RES\Menu\Init\Init (32).bmp" />
    <Image Include="RES\Menu\Init\Init (33).bmp" />
    <Image Include="RES\Menu\Init\Init (34).bmp" />
    <Image Include="RES\Menu\Init\Init (35).bmp" />
    <Image Include="RES\Menu\Init\Init (36).bmp" />
    <Image Include="RES\Menu\Init\Init (37).bmp" />
    <Image Include="RES\Menu\Init\Init (38).bmp" />
    <Image Include="RES\Menu\Init\Init (39).bmp" />
    <Image Include="RES\Menu\Init\Init (4).bmp" />
    <Image Include="RES\Menu\Init\Init (40).bmp" />
    <Image Include="RES\Menu\Init\Init (41).bmp" />
    <Image Include="RES\Menu\Init\Init (42).bmp" />
    <Image Include="RES\Menu\Init\Init (43).bmp" />
    <Image Include="RES\Menu\Init\Init (44).bmp" />
    <Image Include="RES\Menu\Init\Init (45).bmp" />
    <Image Include="RES\Menu\Init\Init (46).bmp" />
    <Image Include="RES\Menu\Init\Init (47).bmp" />
    <Image Include="RES\Menu\Init\Init (48).bmp" />
    <Image Include="RES\Menu\Init\Init (5).bmp" />
    <Image Include="RES\Menu\Init\Init (6).bmp" />
    <Image Include="RES\Menu\Init\Init (7).bmp" />
    <Image Include="RES\Menu\Init\Init (8).bmp" />
    <Image Include="RES\Menu\Init\Init (9).bmp" />
    <Image Include="RES\Menu\Menu_01.bmp" />
    <Image Include="RES\Menu\Menu_02.bmp" />
    <Image Include="RES\Menu\Options\Options.bmp" />
    <Image Include="res\Menu_02.bmp" />
    <Image Include="RES\ShootCut\InGame\InGame_01.bmp" />
    <Image Include="RES\ShootCut\Menu\Menu_01.bmp" />
    <Image Include="RES\ShootCut\Menu\Menu_02.bmp" />
    <Image Include="RES\Start_Ani\start_temp.png" />
    <Image Include="RES\InGame\Town\Town_Wall.bmp" />
    <Image Include="RES\Character\Arrival\01.bmp" />
    <Image Include="RES\Character\Arrival\02.bmp" />
    <Image Include="RES\Character\Arrival\03.bmp" />
    <Image Include="RES\Character\Arrival\04.bmp" />
    <Image Include="RES\Character\Arrival\05.bmp" />
    <Image Include="RES\Character\Arrival\06.bmp" />
    <Image Include="RES\Character\Arrival\07.bmp" />
    <Image Include="RES\Character\Arrival\08.bmp" />
    <Image Include="RES\Character\Arrival\09.bmp" />
    <Image Include="RES\InGame\PAUSED\01.bmp" />
    <Image Include="RES\InGame\PAUSED\02.bmp" />
    <Image Include="RES\InGame\PAUSED\03.bmp" />
    <Image Include="RES\InGame\PAUSED\04.bmp" />
    <Image Include="RES\Menu\Options\Optionss.bmp" />
    <Image Include="RES\InGame\UI\Diamond.bmp" />
    <Image Include="RES\InGame\UI\HP_Bar.bmp" />
    <Image Include="RES\InGame\UI\Key_Q.bmp" />
    <Image Include="RES\InGame\UI\Key_Space.bmp" />
    <Image Include="RES\InGame\UI\Left_Click.bmp" />
    <Image Include="RES\InGame\UI\Money.bmp" />
    <Image Include="RES\InGame\UI\Right_Click.bmp" />
    <Image Include="RES\InGame\UI\Skill_background.bmp" />
    <Image Include="RES\InGame\UI\Status.bmp" />
    <Image Include="RES\InGame\UI\Status_hp.bmp" />
    <Image Include="RES\bmp_slash.bmp" />
    <Image Include="RES\InGame\Box\item_board.bmp" />
    <Image Include="RES\InGame\Box\item_cousor.bmp" />
    <Image Include="RES\InGame\Box\TEXT_Defense.bmp" />
    <Image Include="RES\InGame\Box\TEXT_Misc.bmp" />
    <Image Include="RES\InGame\Box\TEXT_Offense.bmp" />
    <Image Include="RES\InGame\Box\unknown_item.bmp" />
    <Image Include="RES\InGame\Box\item_cursor.bmp" />
  </ItemGroup>
  <ItemGroup>
    <None Include="Res\ball.bmp" />
    <None Include="RES\bmp0.bmp" />
    <None Include="RES\bmp1.bmp" />
    <None Include="RES\bmp10.bmp" />
    <None Include="RES\bmp2.bmp" />
    <None Include="RES\bmp3.bmp" />
    <None Include="RES\bmp4.bmp" />
    <None Include="RES\bmp5.bmp" />
    <None Include="RES\bmp6.bmp" />
    <None Include="RES\bmp7.bmp" />
    <None Include="RES\bmp8.bmp" />
    <None Include="RES\bmp9.bmp" />
    <None Include="RES\center.bmp" />
    <None Include="RES\continue.bmp" />
    <None Include="Res\corner.bmp" />
    <None Include="res\cursor1.cur" />
    <None Include="RES\eraser1.bmp" />
    <None Include="RES\eraser2.bmp" />
    <None Include="RES\eraser3.bmp" />
    <None Include="res\game.ico" />
    <None Include="res\game.rc2" />
    <None Include="RES\gamecurs.cur" />
    <None Include="res\gameDoc.ico" />
    <None Include="RES\help.bmp" />
    <None Include="RES\loading.bmp" />
    <None Include="RES\ntutcsie.bmp" />
    <None Include="res\Toolbar.bmp" />
  </ItemGroup>
</Project>